{
  "name": "Prepme",
  "lockfileVersion": 3,
  "requires": true,
  "packages": {
    "": {
      "devDependencies": {
        "chromatic": "^16.3.0"
      }
    },
    "node_modules/chromatic": {
      "version": "16.3.0",
      "resolved": "https://registry.npmjs.org/chromatic/-/chromatic-16.3.0.tgz",
      "integrity": "sha512-PvXUpXP3l8p2NxLEYhMgo4kGNNBQgCgbslMu+O4Bb37ujiiDWk8QExX/Jk7JeHUewNgK2wg98rtw3gdfz3U+Kg==",
      "dev": true,
      "license": "MIT",
      "bin": {
        "chroma": "dist/bin.js",
        "chromatic": "dist/bin.js",
        "chromatic-cli": "dist/bin.js"
      },
      "peerDependencies": {
        "@chromatic-com/cypress": "^0.*.* || ^1.0.0",
        "@chromatic-com/playwright": "^0.*.* || ^1.0.0",
        "@chromatic-com/vitest": "^0.*.* || ^1.0.0"
      },
      "peerDependenciesMeta": {
        "@chromatic-com/cypress": {
          "optional": true
        },
        "@chromatic-com/playwright": {
          "optional": true
        },
        "@chromatic-com/vitest": {
          "optional": true
        }
      }
    }
  }
}
